
Microsoft Visual Studio Solution File, Format Version 12.00
# Visual Studio 2013
VisualStudioVersion = 12.0.30501.0
MinimumVisualStudioVersion = 10.0.40219.1
Project("{FAE04EC0-301F-11D3-BF4B-00C04F79EFBC}") = "k-cluster", "k-cluster\k-cluster.csproj", "{AADB4073-0147-4CE3-ABF9-83F81059C2DB}"
EndProject
Project("{FAE04EC0-301F-11D3-BF4B-00C04F79EFBC}") = "KnapSack", "KnapSack\KnapSack.csproj", "{C4890023-E3B5-40F2-BFF0-C0B8E837BA2A}"
EndProject
Project("{FAE04EC0-301F-11D3-BF4B-00C04F79EFBC}") = "AllPairsShortestPaths", "AllPairsShortestPaths\AllPairsShortestPaths.csproj", "{F8B35F4C-54EE-4893-886B-E128B7D5A9E1}"
EndProject
Project("{FAE04EC0-301F-11D3-BF4B-00C04F79EFBC}") = "TravellingSalesPerson", "TravellingSalesPerson\TravellingSalesPerson.csproj", "{9F591445-AAF9-4604-A4BB-4F49B2176919}"
EndProject
Project("{FAE04EC0-301F-11D3-BF4B-00C04F79EFBC}") = "Max-Space-k-Clustering", "Max-Space-k-Clustering\Max-Space-k-Clustering.csproj", "{47AFDA8E-F793-4EBE-B1BA-26A0DB986C4E}"
EndProject
Project("{FAE04EC0-301F-11D3-BF4B-00C04F79EFBC}") = "Max-Space-k-Clustering-Hamming-Distance", "Max-Space-k-Clustering-Hamming-Distance\Max-Space-k-Clustering-Hamming-Distance.csproj", "{3865EFA2-5ED0-492A-BB9C-DE3EEB9E91EE}"
EndProject
Global
	GlobalSection(SolutionConfigurationPlatforms) = preSolution
		Debug|Any CPU = Debug|Any CPU
		Release|Any CPU = Release|Any CPU
	EndGlobalSection
	GlobalSection(ProjectConfigurationPlatforms) = postSolution
		{AADB4073-0147-4CE3-ABF9-83F81059C2DB}.Debug|Any CPU.ActiveCfg = Debug|Any CPU
		{AADB4073-0147-4CE3-ABF9-83F81059C2DB}.Debug|Any CPU.Build.0 = Debug|Any CPU
		{AADB4073-0147-4CE3-ABF9-83F81059C2DB}.Release|Any CPU.ActiveCfg = Release|Any CPU
		{AADB4073-0147-4CE3-ABF9-83F81059C2DB}.Release|Any CPU.Build.0 = Release|Any CPU
		{C4890023-E3B5-40F2-BFF0-C0B8E837BA2A}.Debug|Any CPU.ActiveCfg = Debug|Any CPU
		{C4890023-E3B5-40F2-BFF0-C0B8E837BA2A}.Debug|Any CPU.Build.0 = Debug|Any CPU
		{C4890023-E3B5-40F2-BFF0-C0B8E837BA2A}.Release|Any CPU.ActiveCfg = Release|Any CPU
		{C4890023-E3B5-40F2-BFF0-C0B8E837BA2A}.Release|Any CPU.Build.0 = Release|Any CPU
		{F8B35F4C-54EE-4893-886B-E128B7D5A9E1}.Debug|Any CPU.ActiveCfg = Debug|Any CPU
		{F8B35F4C-54EE-4893-886B-E128B7D5A9E1}.Debug|Any CPU.Build.0 = Debug|Any CPU
		{F8B35F4C-54EE-4893-886B-E128B7D5A9E1}.Release|Any CPU.ActiveCfg = Release|Any CPU
		{F8B35F4C-54EE-4893-886B-E128B7D5A9E1}.Release|Any CPU.Build.0 = Release|Any CPU
		{9F591445-AAF9-4604-A4BB-4F49B2176919}.Debug|Any CPU.ActiveCfg = Debug|Any CPU
		{9F591445-AAF9-4604-A4BB-4F49B2176919}.Debug|Any CPU.Build.0 = Debug|Any CPU
		{9F591445-AAF9-4604-A4BB-4F49B2176919}.Release|Any CPU.ActiveCfg = Release|Any CPU
		{9F591445-AAF9-4604-A4BB-4F49B2176919}.Release|Any CPU.Build.0 = Release|Any CPU
		{47AFDA8E-F793-4EBE-B1BA-26A0DB986C4E}.Debug|Any CPU.ActiveCfg = Debug|Any CPU
		{47AFDA8E-F793-4EBE-B1BA-26A0DB986C4E}.Debug|Any CPU.Build.0 = Debug|Any CPU
		{47AFDA8E-F793-4EBE-B1BA-26A0DB986C4E}.Release|Any CPU.ActiveCfg = Release|Any CPU
		{47AFDA8E-F793-4EBE-B1BA-26A0DB986C4E}.Release|Any CPU.Build.0 = Release|Any CPU
		{3865EFA2-5ED0-492A-BB9C-DE3EEB9E91EE}.Debug|Any CPU.ActiveCfg = Debug|Any CPU
		{3865EFA2-5ED0-492A-BB9C-DE3EEB9E91EE}.Debug|Any CPU.Build.0 = Debug|Any CPU
		{3865EFA2-5ED0-492A-BB9C-DE3EEB9E91EE}.Release|Any CPU.ActiveCfg = Release|Any CPU
		{3865EFA2-5ED0-492A-BB9C-DE3EEB9E91EE}.Release|Any CPU.Build.0 = Release|Any CPU
	EndGlobalSection
	GlobalSection(SolutionProperties) = preSolution
		HideSolutionNode = FALSE
	EndGlobalSection
EndGlobal
