
Microsoft Visual Studio Solution File, Format Version 12.00
# Visual Studio 2012
Project("{FAE04EC0-301F-11D3-BF4B-00C04F79EFBC}") = "k-cluster", "k-cluster\k-cluster.csproj", "{AADB4073-0147-4CE3-ABF9-83F81059C2DB}"
EndProject
Project("{FAE04EC0-301F-11D3-BF4B-00C04F79EFBC}") = "KnapSack", "KnapSack\KnapSack.csproj", "{C4890023-E3B5-40F2-BFF0-C0B8E837BA2A}"
EndProject
Global
	GlobalSection(SolutionConfigurationPlatforms) = preSolution
		Debug|Any CPU = Debug|Any CPU
		Release|Any CPU = Release|Any CPU
	EndGlobalSection
	GlobalSection(ProjectConfigurationPlatforms) = postSolution
		{AADB4073-0147-4CE3-ABF9-83F81059C2DB}.Debug|Any CPU.ActiveCfg = Debug|Any CPU
		{AADB4073-0147-4CE3-ABF9-83F81059C2DB}.Debug|Any CPU.Build.0 = Debug|Any CPU
		{AADB4073-0147-4CE3-ABF9-83F81059C2DB}.Release|Any CPU.ActiveCfg = Release|Any CPU
		{AADB4073-0147-4CE3-ABF9-83F81059C2DB}.Release|Any CPU.Build.0 = Release|Any CPU
		{C4890023-E3B5-40F2-BFF0-C0B8E837BA2A}.Debug|Any CPU.ActiveCfg = Debug|Any CPU
		{C4890023-E3B5-40F2-BFF0-C0B8E837BA2A}.Debug|Any CPU.Build.0 = Debug|Any CPU
		{C4890023-E3B5-40F2-BFF0-C0B8E837BA2A}.Release|Any CPU.ActiveCfg = Release|Any CPU
		{C4890023-E3B5-40F2-BFF0-C0B8E837BA2A}.Release|Any CPU.Build.0 = Release|Any CPU
	EndGlobalSection
	GlobalSection(SolutionProperties) = preSolution
		HideSolutionNode = FALSE
	EndGlobalSection
EndGlobal
